github.com/kirigaikabuto/libexample v0.0.0-20201107115847-b681b01af6c4 h1:OreLpLspH0E550GDTsIioc3QKYgFggYmxVLlu9i6HmY=
github.com/kirigaikabuto/libexample v0.0.0-20201107115847-b681b01af6c4/go.mod h1:01baCXSiiGCYM6sQaakjiUmeE01dOTqFUZyVtW74QoE=
github.com/kirigaikabuto/libexample v0.0.1 h1:iT/OmyyBxcVSUcCnXbiLACbj1sGWiIVt/5iCo5LcbGw=
github.com/kirigaikabuto/libexample v0.0.1/go.mod h1:01baCXSiiGCYM6sQaakjiUmeE01dOTqFUZyVtW74QoE=
github.com/kirigaikabuto/libexample v0.0.2 h1:rywJtc+UDABfey8jw8YXbsXSengav9UgFGPqU62D4MA=
github.com/kirigaikabuto/libexample v0.0.2/go.mod h1:t3p6xOWJ84AWsVX9syeyqxifyF47LcFplC0o8JUhJvY=
